
Microsoft Visual Studio Solution File, Format Version 12.00
# Visual Studio Version 17
VisualStudioVersion = 17.14.36202.13
MinimumVisualStudioVersion = 10.0.40219.1
Project("{2150E333-8FDC-42A3-9474-1A3956D46DE8}") = "1.AccesoDatos", "1.AccesoDatos", "{02EA681E-C7D8-13C7-8484-4AC65E1B71E8}"
EndProject
Project("{2150E333-8FDC-42A3-9474-1A3956D46DE8}") = "2.logicaNegocio", "2.logicaNegocio", "{266EE356-3AD5-4662-8597-246C8CFEF301}"
EndProject
Project("{2150E333-8FDC-42A3-9474-1A3956D46DE8}") = "3.Presentacion", "3.Presentacion", "{369CB01D-A1A7-72D2-AABC-3F0945D148A2}"
EndProject
Project("{FAE04EC0-301F-11D3-BF4B-00C04F79EFBC}") = "AccesosDatos", "AccesosDatos\AccesosDatos.csproj", "{AC78DA4B-B920-46F9-B028-E08DE62594E0}"
EndProject
Project("{FAE04EC0-301F-11D3-BF4B-00C04F79EFBC}") = "LogicaNegocio", "LogicaNegocio\LogicaNegocio.csproj", "{6ADEF26C-89C1-4E42-A173-6C87A96777A4}"
EndProject
Project("{2150E333-8FDC-42A3-9474-1A3956D46DE8}") = "Tests", "Tests", "{D2B4E609-E429-45A1-8C44-BF55BFFDAE56}"
EndProject
Project("{FAE04EC0-301F-11D3-BF4B-00C04F79EFBC}") = "Tests", "Tests\Tests.csproj", "{70FFB96B-9316-4B9F-9EA5-1F3C8EE7656C}"
EndProject
Project("{2150E333-8FDC-42A3-9474-1A3956D46DE8}") = "4.Identidates", "4.Identidates", "{874A7B93-D7EC-484A-95F9-C5887A50017D}"
EndProject
Project("{FAE04EC0-301F-11D3-BF4B-00C04F79EFBC}") = "Entidades", "Entidades\Entidades.csproj", "{75384124-0B68-4EBD-A790-E504F6483AE6}"
EndProject
Project("{2150E333-8FDC-42A3-9474-1A3956D46DE8}") = "Solution Items", "Solution Items", "{8EC462FD-D22E-90A8-E5CE-7E832BA40C5D}"
	ProjectSection(SolutionItems) = preProject
		appsettings.json = appsettings.json
	EndProjectSection
EndProject
Project("{2150E333-8FDC-42A3-9474-1A3956D46DE8}") = "Interfases", "Interfases", "{980806C1-0845-4FDB-AF98-C3611931E587}"
EndProject
Project("{FAE04EC0-301F-11D3-BF4B-00C04F79EFBC}") = "Interfases", "Interfases\Interfases.csproj", "{904DAFCA-7D12-4BF2-B2F0-20FFF8EB0777}"
EndProject
Project("{2150E333-8FDC-42A3-9474-1A3956D46DE8}") = "Repositorios", "Repositorios", "{2EDD33A0-2B6B-4C74-B883-A18B5EE9B4A6}"
EndProject
Project("{FAE04EC0-301F-11D3-BF4B-00C04F79EFBC}") = "Repositorios", "Repositorios\Repositorios.csproj", "{BEF774E3-B98F-422E-BAB6-98D5835BB55A}"
EndProject
Project("{FAE04EC0-301F-11D3-BF4B-00C04F79EFBC}") = "ConsoleApp1", "ConsoleApp1\ConsoleApp1.csproj", "{0AD37D94-0F58-444D-998D-A6E2E6F9ABB2}"
EndProject
Global
	GlobalSection(SolutionConfigurationPlatforms) = preSolution
		Debug|Any CPU = Debug|Any CPU
		Release|Any CPU = Release|Any CPU
	EndGlobalSection
	GlobalSection(ProjectConfigurationPlatforms) = postSolution
		{AC78DA4B-B920-46F9-B028-E08DE62594E0}.Debug|Any CPU.ActiveCfg = Debug|Any CPU
		{AC78DA4B-B920-46F9-B028-E08DE62594E0}.Debug|Any CPU.Build.0 = Debug|Any CPU
		{AC78DA4B-B920-46F9-B028-E08DE62594E0}.Release|Any CPU.ActiveCfg = Release|Any CPU
		{AC78DA4B-B920-46F9-B028-E08DE62594E0}.Release|Any CPU.Build.0 = Release|Any CPU
		{6ADEF26C-89C1-4E42-A173-6C87A96777A4}.Debug|Any CPU.ActiveCfg = Debug|Any CPU
		{6ADEF26C-89C1-4E42-A173-6C87A96777A4}.Debug|Any CPU.Build.0 = Debug|Any CPU
		{6ADEF26C-89C1-4E42-A173-6C87A96777A4}.Release|Any CPU.ActiveCfg = Release|Any CPU
		{6ADEF26C-89C1-4E42-A173-6C87A96777A4}.Release|Any CPU.Build.0 = Release|Any CPU
		{70FFB96B-9316-4B9F-9EA5-1F3C8EE7656C}.Debug|Any CPU.ActiveCfg = Debug|Any CPU
		{70FFB96B-9316-4B9F-9EA5-1F3C8EE7656C}.Debug|Any CPU.Build.0 = Debug|Any CPU
		{70FFB96B-9316-4B9F-9EA5-1F3C8EE7656C}.Release|Any CPU.ActiveCfg = Release|Any CPU
		{70FFB96B-9316-4B9F-9EA5-1F3C8EE7656C}.Release|Any CPU.Build.0 = Release|Any CPU
		{75384124-0B68-4EBD-A790-E504F6483AE6}.Debug|Any CPU.ActiveCfg = Debug|Any CPU
		{75384124-0B68-4EBD-A790-E504F6483AE6}.Debug|Any CPU.Build.0 = Debug|Any CPU
		{75384124-0B68-4EBD-A790-E504F6483AE6}.Release|Any CPU.ActiveCfg = Release|Any CPU
		{75384124-0B68-4EBD-A790-E504F6483AE6}.Release|Any CPU.Build.0 = Release|Any CPU
		{904DAFCA-7D12-4BF2-B2F0-20FFF8EB0777}.Debug|Any CPU.ActiveCfg = Debug|Any CPU
		{904DAFCA-7D12-4BF2-B2F0-20FFF8EB0777}.Debug|Any CPU.Build.0 = Debug|Any CPU
		{904DAFCA-7D12-4BF2-B2F0-20FFF8EB0777}.Release|Any CPU.ActiveCfg = Release|Any CPU
		{904DAFCA-7D12-4BF2-B2F0-20FFF8EB0777}.Release|Any CPU.Build.0 = Release|Any CPU
		{BEF774E3-B98F-422E-BAB6-98D5835BB55A}.Debug|Any CPU.ActiveCfg = Debug|Any CPU
		{BEF774E3-B98F-422E-BAB6-98D5835BB55A}.Debug|Any CPU.Build.0 = Debug|Any CPU
		{BEF774E3-B98F-422E-BAB6-98D5835BB55A}.Release|Any CPU.ActiveCfg = Release|Any CPU
		{BEF774E3-B98F-422E-BAB6-98D5835BB55A}.Release|Any CPU.Build.0 = Release|Any CPU
		{0AD37D94-0F58-444D-998D-A6E2E6F9ABB2}.Debug|Any CPU.ActiveCfg = Debug|Any CPU
		{0AD37D94-0F58-444D-998D-A6E2E6F9ABB2}.Debug|Any CPU.Build.0 = Debug|Any CPU
		{0AD37D94-0F58-444D-998D-A6E2E6F9ABB2}.Release|Any CPU.ActiveCfg = Release|Any CPU
		{0AD37D94-0F58-444D-998D-A6E2E6F9ABB2}.Release|Any CPU.Build.0 = Release|Any CPU
	EndGlobalSection
	GlobalSection(SolutionProperties) = preSolution
		HideSolutionNode = FALSE
	EndGlobalSection
	GlobalSection(NestedProjects) = preSolution
		{AC78DA4B-B920-46F9-B028-E08DE62594E0} = {02EA681E-C7D8-13C7-8484-4AC65E1B71E8}
		{6ADEF26C-89C1-4E42-A173-6C87A96777A4} = {266EE356-3AD5-4662-8597-246C8CFEF301}
		{70FFB96B-9316-4B9F-9EA5-1F3C8EE7656C} = {D2B4E609-E429-45A1-8C44-BF55BFFDAE56}
		{75384124-0B68-4EBD-A790-E504F6483AE6} = {874A7B93-D7EC-484A-95F9-C5887A50017D}
		{980806C1-0845-4FDB-AF98-C3611931E587} = {874A7B93-D7EC-484A-95F9-C5887A50017D}
		{904DAFCA-7D12-4BF2-B2F0-20FFF8EB0777} = {980806C1-0845-4FDB-AF98-C3611931E587}
		{2EDD33A0-2B6B-4C74-B883-A18B5EE9B4A6} = {874A7B93-D7EC-484A-95F9-C5887A50017D}
		{BEF774E3-B98F-422E-BAB6-98D5835BB55A} = {2EDD33A0-2B6B-4C74-B883-A18B5EE9B4A6}
		{0AD37D94-0F58-444D-998D-A6E2E6F9ABB2} = {369CB01D-A1A7-72D2-AABC-3F0945D148A2}
	EndGlobalSection
	GlobalSection(ExtensibilityGlobals) = postSolution
		SolutionGuid = {CA886A7A-59F9-46E6-BBA1-41D248264EA0}
	EndGlobalSection
EndGlobal
