
Microsoft Visual Studio Solution File, Format Version 12.00
# Visual Studio Version 17
VisualStudioVersion = 17.14.36202.13 d17.14
MinimumVisualStudioVersion = 10.0.40219.1
Project("{FAE04EC0-301F-11D3-BF4B-00C04F79EFBC}") = "AdivinaElNumero", "AdivinaElNumero\AdivinaElNumero.csproj", "{2EE39B9C-6C74-4584-ACF6-6EF5ACC5BC16}"
EndProject
Global
	GlobalSection(SolutionConfigurationPlatforms) = preSolution
		Debug|Any CPU = Debug|Any CPU
		Release|Any CPU = Release|Any CPU
	EndGlobalSection
	GlobalSection(ProjectConfigurationPlatforms) = postSolution
		{2EE39B9C-6C74-4584-ACF6-6EF5ACC5BC16}.Debug|Any CPU.ActiveCfg = Debug|Any CPU
		{2EE39B9C-6C74-4584-ACF6-6EF5ACC5BC16}.Debug|Any CPU.Build.0 = Debug|Any CPU
		{2EE39B9C-6C74-4584-ACF6-6EF5ACC5BC16}.Release|Any CPU.ActiveCfg = Release|Any CPU
		{2EE39B9C-6C74-4584-ACF6-6EF5ACC5BC16}.Release|Any CPU.Build.0 = Release|Any CPU
	EndGlobalSection
	GlobalSection(SolutionProperties) = preSolution
		HideSolutionNode = FALSE
	EndGlobalSection
	GlobalSection(ExtensibilityGlobals) = postSolution
		SolutionGuid = {3BB2BC61-8750-42E8-B13C-66A97702979F}
	EndGlobalSection
EndGlobal
